<?xml version="1.0" encoding="utf-8"?>
<Project xmlns="http://schemas.microsoft.com/developer/msbuild/2003">
  <ItemGroup>
    <Filter Include="Form Files">
      <UniqueIdentifier>{99349809-55BA-4b9d-BF79-8FDBB0286EB3}</UniqueIdentifier>
      <Extensions>ui</Extensions>
      <ParseFiles>false</ParseFiles>
    </Filter>
    <Filter Include="Form Files">
      <UniqueIdentifier>{99349809-55BA-4b9d-BF79-8FDBB0286EB3}</UniqueIdentifier>
      <Extensions>ui</Extensions>
      <ParseFiles>false</ParseFiles>
    </Filter>
    <Filter Include="Generated Files">
      <UniqueIdentifier>{71ED8ED8-ACB9-4CE9-BBE1-E00B30144E11}</UniqueIdentifier>
      <Extensions>cpp;c;cxx;moc;h;def;odl;idl;res;</Extensions>
    </Filter>
    <Filter Include="Generated Files">
      <UniqueIdentifier>{71ED8ED8-ACB9-4CE9-BBE1-E00B30144E11}</UniqueIdentifier>
      <Extensions>cpp;c;cxx;moc;h;def;odl;idl;res;</Extensions>
    </Filter>
    <Filter Include="Header Files">
      <UniqueIdentifier>{93995380-89BD-4b04-88EB-625FBE52EBFB}</UniqueIdentifier>
      <Extensions>h;hpp;hxx;hm;inl;inc;xsd</Extensions>
    </Filter>
    <Filter Include="Header Files">
      <UniqueIdentifier>{93995380-89BD-4b04-88EB-625FBE52EBFB}</UniqueIdentifier>
      <Extensions>h;hpp;hxx;hm;inl;inc;xsd</Extensions>
    </Filter>
    <Filter Include="Resource Files">
      <UniqueIdentifier>{D9D6E242-F8AF-46E4-B9FD-80ECBC20BA3E}</UniqueIdentifier>
      <Extensions>qrc;*</Extensions>
      <ParseFiles>false</ParseFiles>
    </Filter>
    <Filter Include="Resource Files">
      <UniqueIdentifier>{D9D6E242-F8AF-46E4-B9FD-80ECBC20BA3E}</UniqueIdentifier>
      <Extensions>qrc;*</Extensions>
      <ParseFiles>false</ParseFiles>
    </Filter>
    <Filter Include="Source Files">
      <UniqueIdentifier>{4FC737F1-C7A5-4376-A066-2A32D752A2FF}</UniqueIdentifier>
      <Extensions>cpp;c;cxx;def;odl;idl;hpj;bat;asm;asmx</Extensions>
    </Filter>
    <Filter Include="Source Files">
      <UniqueIdentifier>{4FC737F1-C7A5-4376-A066-2A32D752A2FF}</UniqueIdentifier>
      <Extensions>cpp;c;cxx;def;odl;idl;hpj;bat;asm;asmx</Extensions>
    </Filter>
    <Filter Include="Translation Files">
      <UniqueIdentifier>{639EADAA-A684-42e4-A9AD-28FC9BCB8F7C}</UniqueIdentifier>
      <Extensions>ts;xlf</Extensions>
      <ParseFiles>false</ParseFiles>
    </Filter>
    <Filter Include="Translation Files">
      <UniqueIdentifier>{639EADAA-A684-42e4-A9AD-28FC9BCB8F7C}</UniqueIdentifier>
      <Extensions>ts;xlf</Extensions>
      <ParseFiles>false</ParseFiles>
    </Filter>
    <Filter Include="Distribution Files">
      <UniqueIdentifier>{B83CAF91-C7BF-462F-B76C-EA11631F866C}</UniqueIdentifier>
      <Extensions>*</Extensions>
      <ParseFiles>false</ParseFiles>
    </Filter>
    <Filter Include="Distribution Files">
      <UniqueIdentifier>{B83CAF91-C7BF-462F-B76C-EA11631F866C}</UniqueIdentifier>
      <Extensions>*</Extensions>
      <ParseFiles>false</ParseFiles>
    </Filter>
  </ItemGroup>
  <ItemGroup>
    <ClCompile Include="source\SettingsKeeper.cpp">
      <Filter>Source Files</Filter>
    </ClCompile>
    <ClCompile Include="source\atomconversion.cpp">
      <Filter>Source Files</Filter>
    </ClCompile>
    <ClCompile Include="source\banddata.cpp">
      <Filter>Source Files</Filter>
    </ClCompile>
    <ClCompile Include="source\basicgraphbuild.cpp">
      <Filter>Source Files</Filter>
    </ClCompile>
    <ClCompile Include="source\coloricondrawer.cpp">
      <Filter>Source Files</Filter>
    </ClCompile>
    <ClCompile Include="source\contour.cpp">
      <Filter>Source Files</Filter>
    </ClCompile>
    <ClCompile Include="source\crystaltopondconvertors.cpp">
      <Filter>Source Files</Filter>
    </ClCompile>
    <ClCompile Include="source\dosgraphbuilder.cpp">
      <Filter>Source Files</Filter>
    </ClCompile>
    <ClCompile Include="source\filedialogsload.cpp">
      <Filter>Source Files</Filter>
    </ClCompile>
    <ClCompile Include="source\fileread.cpp">
      <Filter>Source Files</Filter>
    </ClCompile>
    <ClCompile Include="source\filessaver.cpp">
      <Filter>Source Files</Filter>
    </ClCompile>
    <ClCompile Include="source\graphicsdata.cpp">
      <Filter>Source Files</Filter>
    </ClCompile>
    <ClCompile Include="source\helpmatrixwidget.cpp">
      <Filter>Source Files</Filter>
    </ClCompile>
    <ClCompile Include="source\helpwindow.cpp">
      <Filter>Source Files</Filter>
    </ClCompile>
    <ClCompile Include="source\main.cpp">
      <Filter>Source Files</Filter>
    </ClCompile>
    <ClCompile Include="source\mainwindow.cpp">
      <Filter>Source Files</Filter>
    </ClCompile>
    <ClCompile Include="source\mathsymbols.cpp">
      <Filter>Source Files</Filter>
    </ClCompile>
    <ClCompile Include="source\pdosparser.cpp">
      <Filter>Source Files</Filter>
    </ClCompile>
    <ClCompile Include="source\picturesettings.cpp">
      <Filter>Source Files</Filter>
    </ClCompile>
    <ClCompile Include="source\plotparameters.cpp">
      <Filter>Source Files</Filter>
    </ClCompile>
    <ClCompile Include="source\qcustomplot.cpp">
      <Filter>Source Files</Filter>
    </ClCompile>
    <ClCompile Include="source\surfdata.cpp">
      <Filter>Source Files</Filter>
    </ClCompile>
    <ClCompile Include="source\uiinit.cpp">
      <Filter>Source Files</Filter>
    </ClCompile>
    <ClCompile Include="libs\QXlsx\source\xlsxabstractooxmlfile.cpp">
      <Filter>Source Files</Filter>
    </ClCompile>
    <ClCompile Include="libs\QXlsx\source\xlsxabstractsheet.cpp">
      <Filter>Source Files</Filter>
    </ClCompile>
    <ClCompile Include="libs\QXlsx\source\xlsxcell.cpp">
      <Filter>Source Files</Filter>
    </ClCompile>
    <ClCompile Include="libs\QXlsx\source\xlsxcellformula.cpp">
      <Filter>Source Files</Filter>
    </ClCompile>
    <ClCompile Include="libs\QXlsx\source\xlsxcelllocation.cpp">
      <Filter>Source Files</Filter>
    </ClCompile>
    <ClCompile Include="libs\QXlsx\source\xlsxcellrange.cpp">
      <Filter>Source Files</Filter>
    </ClCompile>
    <ClCompile Include="libs\QXlsx\source\xlsxcellreference.cpp">
      <Filter>Source Files</Filter>
    </ClCompile>
    <ClCompile Include="libs\QXlsx\source\xlsxchart.cpp">
      <Filter>Source Files</Filter>
    </ClCompile>
    <ClCompile Include="libs\QXlsx\source\xlsxchartsheet.cpp">
      <Filter>Source Files</Filter>
    </ClCompile>
    <ClCompile Include="libs\QXlsx\source\xlsxcolor.cpp">
      <Filter>Source Files</Filter>
    </ClCompile>
    <ClCompile Include="libs\QXlsx\source\xlsxconditionalformatting.cpp">
      <Filter>Source Files</Filter>
    </ClCompile>
    <ClCompile Include="libs\QXlsx\source\xlsxcontenttypes.cpp">
      <Filter>Source Files</Filter>
    </ClCompile>
    <ClCompile Include="libs\QXlsx\source\xlsxdatavalidation.cpp">
      <Filter>Source Files</Filter>
    </ClCompile>
    <ClCompile Include="libs\QXlsx\source\xlsxdatetype.cpp">
      <Filter>Source Files</Filter>
    </ClCompile>
    <ClCompile Include="libs\QXlsx\source\xlsxdocpropsapp.cpp">
      <Filter>Source Files</Filter>
    </ClCompile>
    <ClCompile Include="libs\QXlsx\source\xlsxdocpropscore.cpp">
      <Filter>Source Files</Filter>
    </ClCompile>
    <ClCompile Include="libs\QXlsx\source\xlsxdocument.cpp">
      <Filter>Source Files</Filter>
    </ClCompile>
    <ClCompile Include="libs\QXlsx\source\xlsxdrawing.cpp">
      <Filter>Source Files</Filter>
    </ClCompile>
    <ClCompile Include="libs\QXlsx\source\xlsxdrawinganchor.cpp">
      <Filter>Source Files</Filter>
    </ClCompile>
    <ClCompile Include="libs\QXlsx\source\xlsxformat.cpp">
      <Filter>Source Files</Filter>
    </ClCompile>
    <ClCompile Include="libs\QXlsx\source\xlsxmediafile.cpp">
      <Filter>Source Files</Filter>
    </ClCompile>
    <ClCompile Include="libs\QXlsx\source\xlsxnumformatparser.cpp">
      <Filter>Source Files</Filter>
    </ClCompile>
    <ClCompile Include="libs\QXlsx\source\xlsxrelationships.cpp">
      <Filter>Source Files</Filter>
    </ClCompile>
    <ClCompile Include="libs\QXlsx\source\xlsxrichstring.cpp">
      <Filter>Source Files</Filter>
    </ClCompile>
    <ClCompile Include="libs\QXlsx\source\xlsxsharedstrings.cpp">
      <Filter>Source Files</Filter>
    </ClCompile>
    <ClCompile Include="libs\QXlsx\source\xlsxsimpleooxmlfile.cpp">
      <Filter>Source Files</Filter>
    </ClCompile>
    <ClCompile Include="libs\QXlsx\source\xlsxstyles.cpp">
      <Filter>Source Files</Filter>
    </ClCompile>
    <ClCompile Include="libs\QXlsx\source\xlsxtheme.cpp">
      <Filter>Source Files</Filter>
    </ClCompile>
    <ClCompile Include="libs\QXlsx\source\xlsxutility.cpp">
      <Filter>Source Files</Filter>
    </ClCompile>
    <ClCompile Include="libs\QXlsx\source\xlsxworkbook.cpp">
      <Filter>Source Files</Filter>
    </ClCompile>
    <ClCompile Include="libs\QXlsx\source\xlsxworksheet.cpp">
      <Filter>Source Files</Filter>
    </ClCompile>
    <ClCompile Include="libs\QXlsx\source\xlsxzipreader.cpp">
      <Filter>Source Files</Filter>
    </ClCompile>
    <ClCompile Include="libs\QXlsx\source\xlsxzipwriter.cpp">
      <Filter>Source Files</Filter>
    </ClCompile>
    <ClCompile Include="source\zonestructgraphbuilder.cpp">
      <Filter>Source Files</Filter>
    </ClCompile>
  </ItemGroup>
  <ItemGroup>
    <QtMoc Include="headers\atomconversion.h">
      <Filter>Header Files</Filter>
    </QtMoc>
    <ClInclude Include="headers\banddata.h">
      <Filter>Header Files</Filter>
    </ClInclude>
    <QtMoc Include="headers\basicgraphbuild.h">
      <Filter>Header Files</Filter>
    </QtMoc>
    <ClInclude Include="headers\coloricondrawer.h">
      <Filter>Header Files</Filter>
    </ClInclude>
    <ClInclude Include="headers\contour.h">
      <Filter>Header Files</Filter>
    </ClInclude>
    <ClInclude Include="headers\crystaltopondconvertors.h">
      <Filter>Header Files</Filter>
    </ClInclude>
    <ClInclude Include="headers\delegator.h">
      <Filter>Header Files</Filter>
    </ClInclude>
    <QtMoc Include="headers\dosgraphbuilder.h">
      <Filter>Header Files</Filter>
    </QtMoc>
    <QtMoc Include="headers\filedialogsload.h">
      <Filter>Header Files</Filter>
    </QtMoc>
    <ClInclude Include="headers\fileread.h">
      <Filter>Header Files</Filter>
    </ClInclude>
    <ClInclude Include="headers\filessaver.h">
      <Filter>Header Files</Filter>
    </ClInclude>
    <ClInclude Include="headers\graphicsdata.h">
      <Filter>Header Files</Filter>
    </ClInclude>
    <QtMoc Include="headers\helpmatrixwidget.h">
      <Filter>Header Files</Filter>
    </QtMoc>
    <QtMoc Include="headers\helpwindow.h">
      <Filter>Header Files</Filter>
    </QtMoc>
    <QtMoc Include="headers\mainwindow.h">
      <Filter>Header Files</Filter>
    </QtMoc>
    <QtMoc Include="headers\mathsymbols.h">
      <Filter>Header Files</Filter>
    </QtMoc>
    <QtMoc Include="headers\pdosparser.h">
      <Filter>Header Files</Filter>
    </QtMoc>
    <QtMoc Include="headers\picturesettings.h">
      <Filter>Header Files</Filter>
    </QtMoc>
    <QtMoc Include="headers\plotparameters.h">
      <Filter>Header Files</Filter>
    </QtMoc>
    <QtMoc Include="headers\qcustomplot.h">
      <Filter>Header Files</Filter>
    </QtMoc>
    <QtMoc Include="headers\settingsKeeper.h">
      <Filter>Header Files</Filter>
    </QtMoc>
    <ClInclude Include="headers\structuresHeaders.h">
      <Filter>Header Files</Filter>
    </ClInclude>
    <ClInclude Include="headers\surfdata.h">
      <Filter>Header Files</Filter>
    </ClInclude>
    <ClInclude Include="headers\ui_mainwindow.h">
      <Filter>Header Files</Filter>
    </ClInclude>
    <ClInclude Include="headers\ui_picturesettings.h">
      <Filter>Header Files</Filter>
    </ClInclude>
    <ClInclude Include="headers\uiinit.h">
      <Filter>Header Files</Filter>
    </ClInclude>
    <ClInclude Include="libs\QXlsx\header\xlsxabstractooxmlfile.h">
      <Filter>Header Files</Filter>
    </ClInclude>
    <ClInclude Include="libs\QXlsx\header\xlsxabstractooxmlfile_p.h">
      <Filter>Header Files</Filter>
    </ClInclude>
    <ClInclude Include="libs\QXlsx\header\xlsxabstractsheet.h">
      <Filter>Header Files</Filter>
    </ClInclude>
    <ClInclude Include="libs\QXlsx\header\xlsxabstractsheet_p.h">
      <Filter>Header Files</Filter>
    </ClInclude>
    <ClInclude Include="libs\QXlsx\header\xlsxcell.h">
      <Filter>Header Files</Filter>
    </ClInclude>
    <ClInclude Include="libs\QXlsx\header\xlsxcell_p.h">
      <Filter>Header Files</Filter>
    </ClInclude>
    <ClInclude Include="libs\QXlsx\header\xlsxcellformula.h">
      <Filter>Header Files</Filter>
    </ClInclude>
    <ClInclude Include="libs\QXlsx\header\xlsxcellformula_p.h">
      <Filter>Header Files</Filter>
    </ClInclude>
    <ClInclude Include="libs\QXlsx\header\xlsxcelllocation.h">
      <Filter>Header Files</Filter>
    </ClInclude>
    <ClInclude Include="libs\QXlsx\header\xlsxcellrange.h">
      <Filter>Header Files</Filter>
    </ClInclude>
    <ClInclude Include="libs\QXlsx\header\xlsxcellreference.h">
      <Filter>Header Files</Filter>
    </ClInclude>
    <ClInclude Include="libs\QXlsx\header\xlsxchart.h">
      <Filter>Header Files</Filter>
    </ClInclude>
    <ClInclude Include="libs\QXlsx\header\xlsxchart_p.h">
      <Filter>Header Files</Filter>
    </ClInclude>
    <ClInclude Include="libs\QXlsx\header\xlsxchartsheet.h">
      <Filter>Header Files</Filter>
    </ClInclude>
    <ClInclude Include="libs\QXlsx\header\xlsxchartsheet_p.h">
      <Filter>Header Files</Filter>
    </ClInclude>
    <ClInclude Include="libs\QXlsx\header\xlsxcolor_p.h">
      <Filter>Header Files</Filter>
    </ClInclude>
    <ClInclude Include="libs\QXlsx\header\xlsxconditionalformatting.h">
      <Filter>Header Files</Filter>
    </ClInclude>
    <ClInclude Include="libs\QXlsx\header\xlsxconditionalformatting_p.h">
      <Filter>Header Files</Filter>
    </ClInclude>
    <ClInclude Include="libs\QXlsx\header\xlsxcontenttypes_p.h">
      <Filter>Header Files</Filter>
    </ClInclude>
    <ClInclude Include="libs\QXlsx\header\xlsxdatavalidation.h">
      <Filter>Header Files</Filter>
    </ClInclude>
    <ClInclude Include="libs\QXlsx\header\xlsxdatavalidation_p.h">
      <Filter>Header Files</Filter>
    </ClInclude>
    <ClInclude Include="libs\QXlsx\header\xlsxdatetype.h">
      <Filter>Header Files</Filter>
    </ClInclude>
    <ClInclude Include="libs\QXlsx\header\xlsxdocpropsapp_p.h">
      <Filter>Header Files</Filter>
    </ClInclude>
    <ClInclude Include="libs\QXlsx\header\xlsxdocpropscore_p.h">
      <Filter>Header Files</Filter>
    </ClInclude>
    <QtMoc Include="libs\QXlsx\header\xlsxdocument.h">
      <Filter>Header Files</Filter>
    </QtMoc>
    <ClInclude Include="libs\QXlsx\header\xlsxdocument_p.h">
      <Filter>Header Files</Filter>
    </ClInclude>
    <ClInclude Include="libs\QXlsx\header\xlsxdrawing_p.h">
      <Filter>Header Files</Filter>
    </ClInclude>
    <ClInclude Include="libs\QXlsx\header\xlsxdrawinganchor_p.h">
      <Filter>Header Files</Filter>
    </ClInclude>
    <ClInclude Include="libs\QXlsx\header\xlsxformat.h">
      <Filter>Header Files</Filter>
    </ClInclude>
    <ClInclude Include="libs\QXlsx\header\xlsxformat_p.h">
      <Filter>Header Files</Filter>
    </ClInclude>
    <ClInclude Include="libs\QXlsx\header\xlsxglobal.h">
      <Filter>Header Files</Filter>
    </ClInclude>
    <ClInclude Include="libs\QXlsx\header\xlsxmediafile_p.h">
      <Filter>Header Files</Filter>
    </ClInclude>
    <ClInclude Include="libs\QXlsx\header\xlsxnumformatparser_p.h">
      <Filter>Header Files</Filter>
    </ClInclude>
    <ClInclude Include="libs\QXlsx\header\xlsxrelationships_p.h">
      <Filter>Header Files</Filter>
    </ClInclude>
    <ClInclude Include="libs\QXlsx\header\xlsxrichstring.h">
      <Filter>Header Files</Filter>
    </ClInclude>
    <ClInclude Include="libs\QXlsx\header\xlsxrichstring_p.h">
      <Filter>Header Files</Filter>
    </ClInclude>
    <ClInclude Include="libs\QXlsx\header\xlsxsharedstrings_p.h">
      <Filter>Header Files</Filter>
    </ClInclude>
    <ClInclude Include="libs\QXlsx\header\xlsxsimpleooxmlfile_p.h">
      <Filter>Header Files</Filter>
    </ClInclude>
    <ClInclude Include="libs\QXlsx\header\xlsxstyles_p.h">
      <Filter>Header Files</Filter>
    </ClInclude>
    <ClInclude Include="libs\QXlsx\header\xlsxtheme_p.h">
      <Filter>Header Files</Filter>
    </ClInclude>
    <ClInclude Include="libs\QXlsx\header\xlsxutility_p.h">
      <Filter>Header Files</Filter>
    </ClInclude>
    <ClInclude Include="libs\QXlsx\header\xlsxworkbook.h">
      <Filter>Header Files</Filter>
    </ClInclude>
    <ClInclude Include="libs\QXlsx\header\xlsxworkbook_p.h">
      <Filter>Header Files</Filter>
    </ClInclude>
    <ClInclude Include="libs\QXlsx\header\xlsxworksheet.h">
      <Filter>Header Files</Filter>
    </ClInclude>
    <ClInclude Include="libs\QXlsx\header\xlsxworksheet_p.h">
      <Filter>Header Files</Filter>
    </ClInclude>
    <ClInclude Include="libs\QXlsx\header\xlsxzipreader_p.h">
      <Filter>Header Files</Filter>
    </ClInclude>
    <ClInclude Include="libs\QXlsx\header\xlsxzipwriter_p.h">
      <Filter>Header Files</Filter>
    </ClInclude>
    <QtMoc Include="headers\zonestructgraphbuilder.h">
      <Filter>Header Files</Filter>
    </QtMoc>
  </ItemGroup>
  <ItemGroup>
    
    
    
    
    
    
    
    
    
    
    
    
    
    
    
    
    
    
    
    
    
    
    <CustomBuild Include="debug\moc_predefs.h.cbt">
      <Filter>Generated Files</Filter>
    </CustomBuild>
    <CustomBuild Include="release\moc_predefs.h.cbt">
      <Filter>Generated Files</Filter>
    </CustomBuild>
    
    
    
    
    
    
    
    
    
    
    
    
    
  </ItemGroup>
  <ItemGroup>
    <None Include="translations\EN.ts">
      <Filter>Translation Files</Filter>
    </None>
    <None Include="translations\RU.ts">
      <Filter>Translation Files</Filter>
    </None>
  </ItemGroup>
  <ItemGroup>
    <QtUic Include="ui\mainwindow.ui">
      <Filter>Form Files</Filter>
    </QtUic>
  </ItemGroup>
  <ItemGroup>
    <None Include="resources\help\HELP1.png">
      <Filter>Resource Files</Filter>
    </None>
    <None Include="resources\help\HELP2.png">
      <Filter>Resource Files</Filter>
    </None>
    <None Include="resources\help\HELP3.png">
      <Filter>Resource Files</Filter>
    </None>
    <None Include="resources\help\HELP4.png">
      <Filter>Resource Files</Filter>
    </None>
    <None Include="resources\help\HELP5.png">
      <Filter>Resource Files</Filter>
    </None>
    <None Include="resources\help\HELP61.png">
      <Filter>Resource Files</Filter>
    </None>
    <None Include="resources\help\HELP62.png">
      <Filter>Resource Files</Filter>
    </None>
    <None Include="resources\help\HELP63.png">
      <Filter>Resource Files</Filter>
    </None>
    <QtRcc Include="resources\HELPS.qrc">
      <Filter>Resource Files</Filter>
    </QtRcc>
    <QtRcc Include="resources\Logos.qrc">
      <Filter>Resource Files</Filter>
    </QtRcc>
    <None Include="resources\Logos\QXlsx-Desktop.png">
      <Filter>Resource Files</Filter>
    </None>
    <None Include="resources\Logos\Qt_logo_2016.svg.png">
      <Filter>Resource Files</Filter>
    </None>
    <None Include="resources\Logos\qcp-logo.png">
      <Filter>Resource Files</Filter>
    </None>
    <None Include="resources\splash.png">
      <Filter>Resource Files</Filter>
    </None>
  </ItemGroup>
  <ItemGroup>
    <None Include="distfiles\qcustomplot.qch">
      <Filter>Distribution Files</Filter>
    </None>
    <None Include="папка\qcustomplot.qch">
      <Filter>Distribution Files</Filter>
    </None>
    <None Include="Новая">
      <Filter>Distribution Files</Filter>
    </None>
  </ItemGroup>
  <ItemGroup>
    <ResourceCompile Include="W:\Repos\QGraphViewer\QGraphViewer\QGraphViewer_resource.rc" />
  </ItemGroup>
</Project>